# This file is automatically @generated by Cargo.
# It is not intended for manual editing.
[[package]]
name = "ahash"
version = "0.3.8"
source = "registry+https://github.com/rust-lang/crates.io-index"

[[package]]
name = "autocfg"
version = "1.0.0"
source = "registry+https://github.com/rust-lang/crates.io-index"

[[package]]
name = "hashbrown"
version = "0.8.1"
source = "registry+https://github.com/rust-lang/crates.io-index"
dependencies = [
 "ahash 0.3.8 (registry+https://github.com/rust-lang/crates.io-index)",
 "autocfg 1.0.0 (registry+https://github.com/rust-lang/crates.io-index)",
]

[[package]]
name = "lru"
version = "0.6.0"
source = "registry+https://github.com/rust-lang/crates.io-index"
dependencies = [
 "hashbrown 0.8.1 (registry+https://github.com/rust-lang/crates.io-index)",
]

[[package]]
name = "plain"
version = "0.2.3"
source = "registry+https://github.com/rust-lang/crates.io-index"

[[package]]
name = "storage_device"
version = "1.0.0"
dependencies = [
 "lru 0.6.0 (registry+https://github.com/rust-lang/crates.io-index)",
 "plain 0.2.3 (registry+https://github.com/rust-lang/crates.io-index)",
]

[metadata]
"checksum ahash 0.3.8 (registry+https://github.com/rust-lang/crates.io-index)" = "e8fd72866655d1904d6b0997d0b07ba561047d070fbe29de039031c641b61217"
"checksum autocfg 1.0.0 (registry+https://github.com/rust-lang/crates.io-index)" = "f8aac770f1885fd7e387acedd76065302551364496e46b3dd00860b2f8359b9d"
"checksum hashbrown 0.8.1 (registry+https://github.com/rust-lang/crates.io-index)" = "34f595585f103464d8d2f6e9864682d74c1601fed5e07d62b1c9058dba8246fb"
"checksum lru 0.6.0 (registry+https://github.com/rust-lang/crates.io-index)" = "111b945ac72ec09eb7bc62a0fbdc3cc6e80555a7245f52a69d3921a75b53b153"
"checksum plain 0.2.3 (registry+https://github.com/rust-lang/crates.io-index)" = "b4596b6d070b27117e987119b4dac604f3c58cfb0b191112e24771b2faeac1a6"
